
Microsoft Visual Studio Solution File, Format Version 12.00
# Visual Studio Version 17
VisualStudioVersion = 17.8.34511.84
MinimumVisualStudioVersion = 10.0.40219.1
Project("{FAE04EC0-301F-11D3-BF4B-00C04F79EFBC}") = "HomewIP", "HomewIP\HomewIP.csproj", "{9EA49131-8920-42ED-8066-4B94E750DE3D}"
EndProject
Global
	GlobalSection(SolutionConfigurationPlatforms) = preSolution
		Debug|Any CPU = Debug|Any CPU
		Release|Any CPU = Release|Any CPU
	EndGlobalSection
	GlobalSection(ProjectConfigurationPlatforms) = postSolution
		{9EA49131-8920-42ED-8066-4B94E750DE3D}.Debug|Any CPU.ActiveCfg = Debug|Any CPU
		{9EA49131-8920-42ED-8066-4B94E750DE3D}.Debug|Any CPU.Build.0 = Debug|Any CPU
		{9EA49131-8920-42ED-8066-4B94E750DE3D}.Release|Any CPU.ActiveCfg = Release|Any CPU
		{9EA49131-8920-42ED-8066-4B94E750DE3D}.Release|Any CPU.Build.0 = Release|Any CPU
	EndGlobalSection
	GlobalSection(SolutionProperties) = preSolution
		HideSolutionNode = FALSE
	EndGlobalSection
	GlobalSection(ExtensibilityGlobals) = postSolution
		SolutionGuid = {82A69AC1-3168-4712-A38D-3750D9B754BF}
	EndGlobalSection
EndGlobal
