
Microsoft Visual Studio Solution File, Format Version 12.00
# Visual Studio Version 17
VisualStudioVersion = 17.8.34511.84
MinimumVisualStudioVersion = 10.0.40219.1
Project("{FAE04EC0-301F-11D3-BF4B-00C04F79EFBC}") = "StudentsApi", "StudentsApi\StudentsApi.csproj", "{788E71FF-E03D-49C2-9070-CE949515ED41}"
EndProject
Global
	GlobalSection(SolutionConfigurationPlatforms) = preSolution
		Debug|Any CPU = Debug|Any CPU
		Release|Any CPU = Release|Any CPU
	EndGlobalSection
	GlobalSection(ProjectConfigurationPlatforms) = postSolution
		{788E71FF-E03D-49C2-9070-CE949515ED41}.Debug|Any CPU.ActiveCfg = Debug|Any CPU
		{788E71FF-E03D-49C2-9070-CE949515ED41}.Debug|Any CPU.Build.0 = Debug|Any CPU
		{788E71FF-E03D-49C2-9070-CE949515ED41}.Release|Any CPU.ActiveCfg = Release|Any CPU
		{788E71FF-E03D-49C2-9070-CE949515ED41}.Release|Any CPU.Build.0 = Release|Any CPU
	EndGlobalSection
	GlobalSection(SolutionProperties) = preSolution
		HideSolutionNode = FALSE
	EndGlobalSection
	GlobalSection(ExtensibilityGlobals) = postSolution
		SolutionGuid = {926FD60C-CE15-4651-9041-6B5DBEB76D1E}
	EndGlobalSection
EndGlobal
